// !$*UTF8*$!
{
	archiveVersion = 1;
	classes = {
	};
	objectVersion = 50;
	objects = {

/* Begin PBXBuildFile section */
		FA6E9C7C26141BFE00D2329D /* WordScrambleApp.swift in Sources */ = {isa = PBXBuildFile; fileRef = FA6E9C7B26141BFE00D2329D /* WordScrambleApp.swift */; };
		FA6E9C7E26141BFE00D2329D /* ContentView.swift in Sources */ = {isa = PBXBuildFile; fileRef = FA6E9C7D26141BFE00D2329D /* ContentView.swift */; };
		FA6E9C8026141BFF00D2329D /* Assets.xcassets in Resources */ = {isa = PBXBuildFile; fileRef = FA6E9C7F26141BFF00D2329D /* Assets.xcassets */; };
		FA6E9C8326141BFF00D2329D /* Preview Assets.xcassets in Resources */ = {isa = PBXBuildFile; fileRef = FA6E9C8226141BFF00D2329D /* Preview Assets.xcassets */; };
		FA6E9C8F26141C6300D2329D /* Home.swift in Sources */ = {isa = PBXBuildFile; fileRef = FA6E9C8E26141C6300D2329D /* Home.swift */; };
		FA6E9C9326141CE800D2329D /* start.txt in Resources */ = {isa = PBXBuildFile; fileRef = FA6E9C9226141CE800D2329D /* start.txt */; };
		FA6E9C9826142CA800D2329D /* HomeViewModel.swift in Sources */ = {isa = PBXBuildFile; fileRef = FA6E9C9726142CA800D2329D /* HomeViewModel.swift */; };
		FA6E9C9B26144B4800D2329D /* WordErrorModel.swift in Sources */ = {isa = PBXBuildFile; fileRef = FA6E9C9A26144B4800D2329D /* WordErrorModel.swift */; };
/* End PBXBuildFile section */

/* Begin PBXFileReference section */
		FA6E9C7826141BFE00D2329D /* WordScramble.app */ = {isa = PBXFileReference; explicitFileType = wrapper.application; includeInIndex = 0; path = WordScramble.app; sourceTree = BUILT_PRODUCTS_DIR; };
		FA6E9C7B26141BFE00D2329D /* WordScrambleApp.swift */ = {isa = PBXFileReference; lastKnownFileType = sourcecode.swift; path = WordScrambleApp.swift; sourceTree = "<group>"; };
		FA6E9C7D26141BFE00D2329D /* ContentView.swift */ = {isa = PBXFileReference; lastKnownFileType = sourcecode.swift; path = ContentView.swift; sourceTree = "<group>"; };
		FA6E9C7F26141BFF00D2329D /* Assets.xcassets */ = {isa = PBXFileReference; lastKnownFileType = folder.assetcatalog; path = Assets.xcassets; sourceTree = "<group>"; };
		FA6E9C8226141BFF00D2329D /* Preview Assets.xcassets */ = {isa = PBXFileReference; lastKnownFileType = folder.assetcatalog; path = "Preview Assets.xcassets"; sourceTree = "<group>"; };
		FA6E9C8426141BFF00D2329D /* Info.plist */ = {isa = PBXFileReference; lastKnownFileType = text.plist.xml; path = Info.plist; sourceTree = "<group>"; };
		FA6E9C8E26141C6300D2329D /* Home.swift */ = {isa = PBXFileReference; lastKnownFileType = sourcecode.swift; path = Home.swift; sourceTree = "<group>"; };
		FA6E9C9226141CE800D2329D /* start.txt */ = {isa = PBXFileReference; fileEncoding = 4; lastKnownFileType = text; path = start.txt; sourceTree = "<group>"; };
		FA6E9C9726142CA800D2329D /* HomeViewModel.swift */ = {isa = PBXFileReference; lastKnownFileType = sourcecode.swift; path = HomeViewModel.swift; sourceTree = "<group>"; };
		FA6E9C9A26144B4800D2329D /* WordErrorModel.swift */ = {isa = PBXFileReference; lastKnownFileType = sourcecode.swift; path = WordErrorModel.swift; sourceTree = "<group>"; };
/* End PBXFileReference section */

/* Begin PBXFrameworksBuildPhase section */
		FA6E9C7526141BFE00D2329D /* Frameworks */ = {
			isa = PBXFrameworksBuildPhase;
			buildActionMask = 2147483647;
			files = (
			);
			runOnlyForDeploymentPostprocessing = 0;
		};
/* End PBXFrameworksBuildPhase section */

/* Begin PBXGroup section */
		FA6E9C6F26141BFE00D2329D = {
			isa = PBXGroup;
			children = (
				FA6E9C7A26141BFE00D2329D /* WordScramble */,
				FA6E9C7926141BFE00D2329D /* Products */,
			);
			sourceTree = "<group>";
		};
		FA6E9C7926141BFE00D2329D /* Products */ = {
			isa = PBXGroup;
			children = (
				FA6E9C7826141BFE00D2329D /* WordScramble.app */,
			);
			name = Products;
			sourceTree = "<group>";
		};
		FA6E9C7A26141BFE00D2329D /* WordScramble */ = {
			isa = PBXGroup;
			children = (
				FA6E9C8D26141C5900D2329D /* Model */,
				FA6E9C8C26141C5300D2329D /* ViewModel */,
				FA6E9C8B26141C4E00D2329D /* View */,
				FA6E9C7B26141BFE00D2329D /* WordScrambleApp.swift */,
				FA6E9C9226141CE800D2329D /* start.txt */,
				FA6E9C7F26141BFF00D2329D /* Assets.xcassets */,
				FA6E9C8426141BFF00D2329D /* Info.plist */,
				FA6E9C8126141BFF00D2329D /* Preview Content */,
			);
			path = WordScramble;
			sourceTree = "<group>";
		};
		FA6E9C8126141BFF00D2329D /* Preview Content */ = {
			isa = PBXGroup;
			children = (
				FA6E9C8226141BFF00D2329D /* Preview Assets.xcassets */,
			);
			path = "Preview Content";
			sourceTree = "<group>";
		};
		FA6E9C8B26141C4E00D2329D /* View */ = {
			isa = PBXGroup;
			children = (
				FA6E9C7D26141BFE00D2329D /* ContentView.swift */,
				FA6E9C8E26141C6300D2329D /* Home.swift */,
			);
			path = View;
			sourceTree = "<group>";
		};
		FA6E9C8C26141C5300D2329D /* ViewModel */ = {
			isa = PBXGroup;
			children = (
				FA6E9C9726142CA800D2329D /* HomeViewModel.swift */,
			);
			path = ViewModel;
			sourceTree = "<group>";
		};
		FA6E9C8D26141C5900D2329D /* Model */ = {
			isa = PBXGroup;
			children = (
				FA6E9C9A26144B4800D2329D /* WordErrorModel.swift */,
			);
			path = Model;
			sourceTree = "<group>";
		};
/* End PBXGroup section */

/* Begin PBXNativeTarget section */
		FA6E9C7726141BFE00D2329D /* WordScramble */ = {
			isa = PBXNativeTarget;
			buildConfigurationList = FA6E9C8726141BFF00D2329D /* Build configuration list for PBXNativeTarget "WordScramble" */;
			buildPhases = (
				FA6E9C7426141BFE00D2329D /* Sources */,
				FA6E9C7526141BFE00D2329D /* Frameworks */,
				FA6E9C7626141BFE00D2329D /* Resources */,
			);
			buildRules = (
			);
			dependencies = (
			);
			name = WordScramble;
			productName = WordScramble;
			productReference = FA6E9C7826141BFE00D2329D /* WordScramble.app */;
			productType = "com.apple.product-type.application";
		};
/* End PBXNativeTarget section */

/* Begin PBXProject section */
		FA6E9C7026141BFE00D2329D /* Project object */ = {
			isa = PBXProject;
			attributes = {
				LastSwiftUpdateCheck = 1240;
				LastUpgradeCheck = 1240;
				TargetAttributes = {
					FA6E9C7726141BFE00D2329D = {
						CreatedOnToolsVersion = 12.4;
					};
				};
			};
			buildConfigurationList = FA6E9C7326141BFE00D2329D /* Build configuration list for PBXProject "WordScramble" */;
			compatibilityVersion = "Xcode 9.3";
			developmentRegion = en;
			hasScannedForEncodings = 0;
			knownRegions = (
				en,
				Base,
			);
			mainGroup = FA6E9C6F26141BFE00D2329D;
			productRefGroup = FA6E9C7926141BFE00D2329D /* Products */;
			projectDirPath = "";
			projectRoot = "";
			targets = (
				FA6E9C7726141BFE00D2329D /* WordScramble */,
			);
		};
/* End PBXProject section */

/* Begin PBXResourcesBuildPhase section */
		FA6E9C7626141BFE00D2329D /* Resources */ = {
			isa = PBXResourcesBuildPhase;
			buildActionMask = 2147483647;
			files = (
				FA6E9C8326141BFF00D2329D /* Preview Assets.xcassets in Resources */,
				FA6E9C9326141CE800D2329D /* start.txt in Resources */,
				FA6E9C8026141BFF00D2329D /* Assets.xcassets in Resources */,
			);
			runOnlyForDeploymentPostprocessing = 0;
		};
/* End PBXResourcesBuildPhase section */

/* Begin PBXSourcesBuildPhase section */
		FA6E9C7426141BFE00D2329D /* Sources */ = {
			isa = PBXSourcesBuildPhase;
			buildActionMask = 2147483647;
			files = (
				FA6E9C7E26141BFE00D2329D /* ContentView.swift in Sources */,
				FA6E9C8F26141C6300D2329D /* Home.swift in Sources */,
				FA6E9C9B26144B4800D2329D /* WordErrorModel.swift in Sources */,
				FA6E9C7C26141BFE00D2329D /* WordScrambleApp.swift in Sources */,
				FA6E9C9826142CA800D2329D /* HomeViewModel.swift in Sources */,
			);
			runOnlyForDeploymentPostprocessing = 0;
		};
/* End PBXSourcesBuildPhase section */

/* Begin XCBuildConfiguration section */
		FA6E9C8526141BFF00D2329D /* Debug */ = {
			isa = XCBuildConfiguration;
			buildSettings = {
				ALWAYS_SEARCH_USER_PATHS = NO;
				CLANG_ANALYZER_NONNULL = YES;
				CLANG_ANALYZER_NUMBER_OBJECT_CONVERSION = YES_AGGRESSIVE;
				CLANG_CXX_LANGUAGE_STANDARD = "gnu++14";
				CLANG_CXX_LIBRARY = "libc++";
				CLANG_ENABLE_MODULES = YES;
				CLANG_ENABLE_OBJC_ARC = YES;
				CLANG_ENABLE_OBJC_WEAK = YES;
				CLANG_WARN_BLOCK_CAPTURE_AUTORELEASING = YES;
				CLANG_WARN_BOOL_CONVERSION = YES;
				CLANG_WARN_COMMA = YES;
				CLANG_WARN_CONSTANT_CONVERSION = YES;
				CLANG_WARN_DEPRECATED_OBJC_IMPLEMENTATIONS = YES;
				CLANG_WARN_DIRECT_OBJC_ISA_USAGE = YES_ERROR;
				CLANG_WARN_DOCUMENTATION_COMMENTS = YES;
				CLANG_WARN_EMPTY_BODY = YES;
				CLANG_WARN_ENUM_CONVERSION = YES;
				CLANG_WARN_INFINITE_RECURSION = YES;
				CLANG_WARN_INT_CONVERSION = YES;
				CLANG_WARN_NON_LITERAL_NULL_CONVERSION = YES;
				CLANG_WARN_OBJC_IMPLICIT_RETAIN_SELF = YES;
				CLANG_WARN_OBJC_LITERAL_CONVERSION = YES;
				CLANG_WARN_OBJC_ROOT_CLASS = YES_ERROR;
				CLANG_WARN_QUOTED_INCLUDE_IN_FRAMEWORK_HEADER = YES;
				CLANG_WARN_RANGE_LOOP_ANALYSIS = YES;
				CLANG_WARN_STRICT_PROTOTYPES = YES;
				CLANG_WARN_SUSPICIOUS_MOVE = YES;
				CLANG_WARN_UNGUARDED_AVAILABILITY = YES_AGGRESSIVE;
				CLANG_WARN_UNREACHABLE_CODE = YES;
				CLANG_WARN__DUPLICATE_METHOD_MATCH = YES;
				COPY_PHASE_STRIP = NO;
				DEBUG_INFORMATION_FORMAT = dwarf;
				ENABLE_STRICT_OBJC_MSGSEND = YES;
				ENABLE_TESTABILITY = YES;
				GCC_C_LANGUAGE_STANDARD = gnu11;
				GCC_DYNAMIC_NO_PIC = NO;
				GCC_NO_COMMON_BLOCKS = YES;
				GCC_OPTIMIZATION_LEVEL = 0;
				GCC_PREPROCESSOR_DEFINITIONS = (
					"DEBUG=1",
					"$(inherited)",
				);
				GCC_WARN_64_TO_32_BIT_CONVERSION = YES;
				GCC_WARN_ABOUT_RETURN_TYPE = YES_ERROR;
				GCC_WARN_UNDECLARED_SELECTOR = YES;
				GCC_WARN_UNINITIALIZED_AUTOS = YES_AGGRESSIVE;
				GCC_WARN_UNUSED_FUNCTION = YES;
				GCC_WARN_UNUSED_VARIABLE = YES;
				IPHONEOS_DEPLOYMENT_TARGET = 14.4;
				MTL_ENABLE_DEBUG_INFO = INCLUDE_SOURCE;
				MTL_FAST_MATH = YES;
				ONLY_ACTIVE_ARCH = YES;
				SDKROOT = iphoneos;
				SWIFT_ACTIVE_COMPILATION_CONDITIONS = DEBUG;
				SWIFT_OPTIMIZATION_LEVEL = "-Onone";
			};
			name = Debug;
		};
		FA6E9C8626141BFF00D2329D /* Release */ = {
			isa = XCBuildConfiguration;
			buildSettings = {
				ALWAYS_SEARCH_USER_PATHS = NO;
				CLANG_ANALYZER_NONNULL = YES;
				CLANG_ANALYZER_NUMBER_OBJECT_CONVERSION = YES_AGGRESSIVE;
				CLANG_CXX_LANGUAGE_STANDARD = "gnu++14";
				CLANG_CXX_LIBRARY = "libc++";
				CLANG_ENABLE_MODULES = YES;
				CLANG_ENABLE_OBJC_ARC = YES;
				CLANG_ENABLE_OBJC_WEAK = YES;
				CLANG_WARN_BLOCK_CAPTURE_AUTORELEASING = YES;
				CLANG_WARN_BOOL_CONVERSION = YES;
				CLANG_WARN_COMMA = YES;
				CLANG_WARN_CONSTANT_CONVERSION = YES;
				CLANG_WARN_DEPRECATED_OBJC_IMPLEMENTATIONS = YES;
				CLANG_WARN_DIRECT_OBJC_ISA_USAGE = YES_ERROR;
				CLANG_WARN_DOCUMENTATION_COMMENTS = YES;
				CLANG_WARN_EMPTY_BODY = YES;
				CLANG_WARN_ENUM_CONVERSION = YES;
				CLANG_WARN_INFINITE_RECURSION = YES;
				CLANG_WARN_INT_CONVERSION = YES;
				CLANG_WARN_NON_LITERAL_NULL_CONVERSION = YES;
				CLANG_WARN_OBJC_IMPLICIT_RETAIN_SELF = YES;
				CLANG_WARN_OBJC_LITERAL_CONVERSION = YES;
				CLANG_WARN_OBJC_ROOT_CLASS = YES_ERROR;
				CLANG_WARN_QUOTED_INCLUDE_IN_FRAMEWORK_HEADER = YES;
				CLANG_WARN_RANGE_LOOP_ANALYSIS = YES;
				CLANG_WARN_STRICT_PROTOTYPES = YES;
				CLANG_WARN_SUSPICIOUS_MOVE = YES;
				CLANG_WARN_UNGUARDED_AVAILABILITY = YES_AGGRESSIVE;
				CLANG_WARN_UNREACHABLE_CODE = YES;
				CLANG_WARN__DUPLICATE_METHOD_MATCH = YES;
				COPY_PHASE_STRIP = NO;
				DEBUG_INFORMATION_FORMAT = "dwarf-with-dsym";
				ENABLE_NS_ASSERTIONS = NO;
				ENABLE_STRICT_OBJC_MSGSEND = YES;
				GCC_C_LANGUAGE_STANDARD = gnu11;
				GCC_NO_COMMON_BLOCKS = YES;
				GCC_WARN_64_TO_32_BIT_CONVERSION = YES;
				GCC_WARN_ABOUT_RETURN_TYPE = YES_ERROR;
				GCC_WARN_UNDECLARED_SELECTOR = YES;
				GCC_WARN_UNINITIALIZED_AUTOS = YES_AGGRESSIVE;
				GCC_WARN_UNUSED_FUNCTION = YES;
				GCC_WARN_UNUSED_VARIABLE = YES;
				IPHONEOS_DEPLOYMENT_TARGET = 14.4;
				MTL_ENABLE_DEBUG_INFO = NO;
				MTL_FAST_MATH = YES;
				SDKROOT = iphoneos;
				SWIFT_COMPILATION_MODE = wholemodule;
				SWIFT_OPTIMIZATION_LEVEL = "-O";
				VALIDATE_PRODUCT = YES;
			};
			name = Release;
		};
		FA6E9C8826141BFF00D2329D /* Debug */ = {
			isa = XCBuildConfiguration;
			buildSettings = {
				ASSETCATALOG_COMPILER_APPICON_NAME = AppIcon;
				ASSETCATALOG_COMPILER_GLOBAL_ACCENT_COLOR_NAME = AccentColor;
				CODE_SIGN_STYLE = Automatic;
				DEVELOPMENT_ASSET_PATHS = "\"WordScramble/Preview Content\"";
				DEVELOPMENT_TEAM = 3HN4UJFFA3;
				ENABLE_PREVIEWS = YES;
				INFOPLIST_FILE = WordScramble/Info.plist;
				IPHONEOS_DEPLOYMENT_TARGET = 14.0;
				LD_RUNPATH_SEARCH_PATHS = (
					"$(inherited)",
					"@executable_path/Frameworks",
				);
				PRODUCT_BUNDLE_IDENTIFIER = inverse.ai.WordScramble;
				PRODUCT_NAME = "$(TARGET_NAME)";
				SWIFT_VERSION = 5.0;
				TARGETED_DEVICE_FAMILY = "1,2";
			};
			name = Debug;
		};
		FA6E9C8926141BFF00D2329D /* Release */ = {
			isa = XCBuildConfiguration;
			buildSettings = {
				ASSETCATALOG_COMPILER_APPICON_NAME = AppIcon;
				ASSETCATALOG_COMPILER_GLOBAL_ACCENT_COLOR_NAME = AccentColor;
				CODE_SIGN_STYLE = Automatic;
				DEVELOPMENT_ASSET_PATHS = "\"WordScramble/Preview Content\"";
				DEVELOPMENT_TEAM = 3HN4UJFFA3;
				ENABLE_PREVIEWS = YES;
				INFOPLIST_FILE = WordScramble/Info.plist;
				IPHONEOS_DEPLOYMENT_TARGET = 14.0;
				LD_RUNPATH_SEARCH_PATHS = (
					"$(inherited)",
					"@executable_path/Frameworks",
				);
				PRODUCT_BUNDLE_IDENTIFIER = inverse.ai.WordScramble;
				PRODUCT_NAME = "$(TARGET_NAME)";
				SWIFT_VERSION = 5.0;
				TARGETED_DEVICE_FAMILY = "1,2";
			};
			name = Release;
		};
/* End XCBuildConfiguration section */

/* Begin XCConfigurationList section */
		FA6E9C7326141BFE00D2329D /* Build configuration list for PBXProject "WordScramble" */ = {
			isa = XCConfigurationList;
			buildConfigurations = (
				FA6E9C8526141BFF00D2329D /* Debug */,
				FA6E9C8626141BFF00D2329D /* Release */,
			);
			defaultConfigurationIsVisible = 0;
			defaultConfigurationName = Release;
		};
		FA6E9C8726141BFF00D2329D /* Build configuration list for PBXNativeTarget "WordScramble" */ = {
			isa = XCConfigurationList;
			buildConfigurations = (
				FA6E9C8826141BFF00D2329D /* Debug */,
				FA6E9C8926141BFF00D2329D /* Release */,
			);
			defaultConfigurationIsVisible = 0;
			defaultConfigurationName = Release;
		};
/* End XCConfigurationList section */
	};
	rootObject = FA6E9C7026141BFE00D2329D /* Project object */;
}
